
Microsoft Visual Studio Solution File, Format Version 12.00
# Visual Studio Version 17
VisualStudioVersion = 17.3.32901.215
MinimumVisualStudioVersion = 10.0.40219.1
Project("{9A19103F-16F7-4668-BE54-9A1E7A4F7556}") = "RSAEncryption", "RSAEncryption.csproj", "{1687FBCA-26A5-4059-AC49-356BE301B902}"
EndProject
Project("{FAE04EC0-301F-11D3-BF4B-00C04F79EFBC}") = "RSAEncryption.Test", "..\RSAEncryption.Test\RSAEncryption.Test.csproj", "{313D538B-74B6-44EB-8ECC-81AB6896F5B5}"
EndProject
Global
	GlobalSection(SolutionConfigurationPlatforms) = preSolution
		Debug|Any CPU = Debug|Any CPU
		Release|Any CPU = Release|Any CPU
	EndGlobalSection
	GlobalSection(ProjectConfigurationPlatforms) = postSolution
		{1687FBCA-26A5-4059-AC49-356BE301B902}.Debug|Any CPU.ActiveCfg = Debug|Any CPU
		{1687FBCA-26A5-4059-AC49-356BE301B902}.Debug|Any CPU.Build.0 = Debug|Any CPU
		{1687FBCA-26A5-4059-AC49-356BE301B902}.Release|Any CPU.ActiveCfg = Release|Any CPU
		{1687FBCA-26A5-4059-AC49-356BE301B902}.Release|Any CPU.Build.0 = Release|Any CPU
		{313D538B-74B6-44EB-8ECC-81AB6896F5B5}.Debug|Any CPU.ActiveCfg = Debug|Any CPU
		{313D538B-74B6-44EB-8ECC-81AB6896F5B5}.Debug|Any CPU.Build.0 = Debug|Any CPU
		{313D538B-74B6-44EB-8ECC-81AB6896F5B5}.Release|Any CPU.ActiveCfg = Release|Any CPU
		{313D538B-74B6-44EB-8ECC-81AB6896F5B5}.Release|Any CPU.Build.0 = Release|Any CPU
	EndGlobalSection
	GlobalSection(SolutionProperties) = preSolution
		HideSolutionNode = FALSE
	EndGlobalSection
	GlobalSection(ExtensibilityGlobals) = postSolution
		SolutionGuid = {205E956C-6B9E-4D6C-9EF9-0924550FFE36}
	EndGlobalSection
EndGlobal
